// !$*UTF8*$!
{
	archiveVersion = 1;
	classes = {
	};
	objectVersion = 50;
	objects = {

/* Begin PBXBuildFile section */
		310894B3230C5381003DC55F /* AppDelegate.swift in Sources */ = {isa = PBXBuildFile; fileRef = 310894B2230C5381003DC55F /* AppDelegate.swift */; };
		310894B5230C5381003DC55F /* SceneDelegate.swift in Sources */ = {isa = PBXBuildFile; fileRef = 310894B4230C5381003DC55F /* SceneDelegate.swift */; };
		310894B7230C5381003DC55F /* AppView.swift in Sources */ = {isa = PBXBuildFile; fileRef = 310894B6230C5381003DC55F /* AppView.swift */; };
		310894B9230C5382003DC55F /* Assets.xcassets in Resources */ = {isa = PBXBuildFile; fileRef = 310894B8230C5382003DC55F /* Assets.xcassets */; };
		310894BC230C5382003DC55F /* Preview Assets.xcassets in Resources */ = {isa = PBXBuildFile; fileRef = 310894BB230C5382003DC55F /* Preview Assets.xcassets */; };
		310894BF230C5382003DC55F /* LaunchScreen.storyboard in Resources */ = {isa = PBXBuildFile; fileRef = 310894BD230C5382003DC55F /* LaunchScreen.storyboard */; };
		31E7074C230C699000F7BA28 /* AppState.swift in Sources */ = {isa = PBXBuildFile; fileRef = 31E7074B230C699000F7BA28 /* AppState.swift */; };
		31E7074F230C69ED00F7BA28 /* Store.swift in Sources */ = {isa = PBXBuildFile; fileRef = 31E7074E230C69ED00F7BA28 /* Store.swift */; };
		31E70751230C6A5E00F7BA28 /* AppAction.swift in Sources */ = {isa = PBXBuildFile; fileRef = 31E70750230C6A5E00F7BA28 /* AppAction.swift */; };
		31E70753230C6AA000F7BA28 /* AppReducer.swift in Sources */ = {isa = PBXBuildFile; fileRef = 31E70752230C6AA000F7BA28 /* AppReducer.swift */; };
		31E70756230C6BC500F7BA28 /* ActivityIndicator.swift in Sources */ = {isa = PBXBuildFile; fileRef = 31E70755230C6BC500F7BA28 /* ActivityIndicator.swift */; };
		31E7075B230C6D4500F7BA28 /* LogInView.swift in Sources */ = {isa = PBXBuildFile; fileRef = 31E7075A230C6D4500F7BA28 /* LogInView.swift */; };
		31E7075E230C6DCC00F7BA28 /* LogInService.swift in Sources */ = {isa = PBXBuildFile; fileRef = 31E7075D230C6DCC00F7BA28 /* LogInService.swift */; };
		31E70760230C702B00F7BA28 /* HomeView.swift in Sources */ = {isa = PBXBuildFile; fileRef = 31E7075F230C702B00F7BA28 /* HomeView.swift */; };
		31E70762230C707000F7BA28 /* AppUser.swift in Sources */ = {isa = PBXBuildFile; fileRef = 31E70761230C707000F7BA28 /* AppUser.swift */; };
		31E70764230C747400F7BA28 /* AppState+IsLoggedIn.swift in Sources */ = {isa = PBXBuildFile; fileRef = 31E70763230C747400F7BA28 /* AppState+IsLoggedIn.swift */; };
		31E70767230C75BC00F7BA28 /* UIWindow+ResignFirstResponder.swift in Sources */ = {isa = PBXBuildFile; fileRef = 31E70766230C75BC00F7BA28 /* UIWindow+ResignFirstResponder.swift */; };
		31E70769230C7AB400F7BA28 /* AppState+ShowsAlert.swift in Sources */ = {isa = PBXBuildFile; fileRef = 31E70768230C7AB400F7BA28 /* AppState+ShowsAlert.swift */; };
/* End PBXBuildFile section */

/* Begin PBXFileReference section */
		310894AF230C5381003DC55F /* SUIApp.app */ = {isa = PBXFileReference; explicitFileType = wrapper.application; includeInIndex = 0; path = SUIApp.app; sourceTree = BUILT_PRODUCTS_DIR; };
		310894B2230C5381003DC55F /* AppDelegate.swift */ = {isa = PBXFileReference; lastKnownFileType = sourcecode.swift; path = AppDelegate.swift; sourceTree = "<group>"; };
		310894B4230C5381003DC55F /* SceneDelegate.swift */ = {isa = PBXFileReference; lastKnownFileType = sourcecode.swift; path = SceneDelegate.swift; sourceTree = "<group>"; };
		310894B6230C5381003DC55F /* AppView.swift */ = {isa = PBXFileReference; lastKnownFileType = sourcecode.swift; path = AppView.swift; sourceTree = "<group>"; };
		310894B8230C5382003DC55F /* Assets.xcassets */ = {isa = PBXFileReference; lastKnownFileType = folder.assetcatalog; path = Assets.xcassets; sourceTree = "<group>"; };
		310894BB230C5382003DC55F /* Preview Assets.xcassets */ = {isa = PBXFileReference; lastKnownFileType = folder.assetcatalog; path = "Preview Assets.xcassets"; sourceTree = "<group>"; };
		310894BE230C5382003DC55F /* Base */ = {isa = PBXFileReference; lastKnownFileType = file.storyboard; name = Base; path = Base.lproj/LaunchScreen.storyboard; sourceTree = "<group>"; };
		310894C0230C5382003DC55F /* Info.plist */ = {isa = PBXFileReference; lastKnownFileType = text.plist.xml; path = Info.plist; sourceTree = "<group>"; };
		31E7074B230C699000F7BA28 /* AppState.swift */ = {isa = PBXFileReference; lastKnownFileType = sourcecode.swift; path = AppState.swift; sourceTree = "<group>"; };
		31E7074E230C69ED00F7BA28 /* Store.swift */ = {isa = PBXFileReference; lastKnownFileType = sourcecode.swift; path = Store.swift; sourceTree = "<group>"; };
		31E70750230C6A5E00F7BA28 /* AppAction.swift */ = {isa = PBXFileReference; lastKnownFileType = sourcecode.swift; path = AppAction.swift; sourceTree = "<group>"; };
		31E70752230C6AA000F7BA28 /* AppReducer.swift */ = {isa = PBXFileReference; lastKnownFileType = sourcecode.swift; path = AppReducer.swift; sourceTree = "<group>"; };
		31E70755230C6BC500F7BA28 /* ActivityIndicator.swift */ = {isa = PBXFileReference; lastKnownFileType = sourcecode.swift; path = ActivityIndicator.swift; sourceTree = "<group>"; };
		31E7075A230C6D4500F7BA28 /* LogInView.swift */ = {isa = PBXFileReference; lastKnownFileType = sourcecode.swift; path = LogInView.swift; sourceTree = "<group>"; };
		31E7075D230C6DCC00F7BA28 /* LogInService.swift */ = {isa = PBXFileReference; lastKnownFileType = sourcecode.swift; path = LogInService.swift; sourceTree = "<group>"; };
		31E7075F230C702B00F7BA28 /* HomeView.swift */ = {isa = PBXFileReference; lastKnownFileType = sourcecode.swift; path = HomeView.swift; sourceTree = "<group>"; };
		31E70761230C707000F7BA28 /* AppUser.swift */ = {isa = PBXFileReference; lastKnownFileType = sourcecode.swift; path = AppUser.swift; sourceTree = "<group>"; };
		31E70763230C747400F7BA28 /* AppState+IsLoggedIn.swift */ = {isa = PBXFileReference; lastKnownFileType = sourcecode.swift; path = "AppState+IsLoggedIn.swift"; sourceTree = "<group>"; };
		31E70766230C75BC00F7BA28 /* UIWindow+ResignFirstResponder.swift */ = {isa = PBXFileReference; lastKnownFileType = sourcecode.swift; path = "UIWindow+ResignFirstResponder.swift"; sourceTree = "<group>"; };
		31E70768230C7AB400F7BA28 /* AppState+ShowsAlert.swift */ = {isa = PBXFileReference; lastKnownFileType = sourcecode.swift; path = "AppState+ShowsAlert.swift"; sourceTree = "<group>"; };
/* End PBXFileReference section */

/* Begin PBXFrameworksBuildPhase section */
		310894AC230C5381003DC55F /* Frameworks */ = {
			isa = PBXFrameworksBuildPhase;
			buildActionMask = 2147483647;
			files = (
			);
			runOnlyForDeploymentPostprocessing = 0;
		};
/* End PBXFrameworksBuildPhase section */

/* Begin PBXGroup section */
		310894A6230C5381003DC55F = {
			isa = PBXGroup;
			children = (
				310894B0230C5381003DC55F /* Products */,
				310894B1230C5381003DC55F /* SUIApp */,
			);
			sourceTree = "<group>";
		};
		310894B0230C5381003DC55F /* Products */ = {
			isa = PBXGroup;
			children = (
				310894AF230C5381003DC55F /* SUIApp.app */,
			);
			name = Products;
			sourceTree = "<group>";
		};
		310894B1230C5381003DC55F /* SUIApp */ = {
			isa = PBXGroup;
			children = (
				31E70757230C6BD600F7BA28 /* Application */,
				31E70765230C75A500F7BA28 /* Helpers */,
				31E70758230C6C1600F7BA28 /* Resources */,
				31E7075C230C6DBC00F7BA28 /* Services */,
				31E7074D230C69DD00F7BA28 /* State */,
				31E70754230C6BB900F7BA28 /* Views */,
			);
			path = SUIApp;
			sourceTree = "<group>";
		};
		31E7074D230C69DD00F7BA28 /* State */ = {
			isa = PBXGroup;
			children = (
				31E70750230C6A5E00F7BA28 /* AppAction.swift */,
				31E70752230C6AA000F7BA28 /* AppReducer.swift */,
				31E7074B230C699000F7BA28 /* AppState.swift */,
				31E70763230C747400F7BA28 /* AppState+IsLoggedIn.swift */,
				31E70768230C7AB400F7BA28 /* AppState+ShowsAlert.swift */,
				31E70761230C707000F7BA28 /* AppUser.swift */,
				31E7074E230C69ED00F7BA28 /* Store.swift */,
			);
			path = State;
			sourceTree = "<group>";
		};
		31E70754230C6BB900F7BA28 /* Views */ = {
			isa = PBXGroup;
			children = (
				31E70755230C6BC500F7BA28 /* ActivityIndicator.swift */,
				310894B6230C5381003DC55F /* AppView.swift */,
				31E7075F230C702B00F7BA28 /* HomeView.swift */,
				31E7075A230C6D4500F7BA28 /* LogInView.swift */,
			);
			path = Views;
			sourceTree = "<group>";
		};
		31E70757230C6BD600F7BA28 /* Application */ = {
			isa = PBXGroup;
			children = (
				310894B2230C5381003DC55F /* AppDelegate.swift */,
				310894B4230C5381003DC55F /* SceneDelegate.swift */,
			);
			path = Application;
			sourceTree = "<group>";
		};
		31E70758230C6C1600F7BA28 /* Resources */ = {
			isa = PBXGroup;
			children = (
				310894B8230C5382003DC55F /* Assets.xcassets */,
				310894C0230C5382003DC55F /* Info.plist */,
				310894BD230C5382003DC55F /* LaunchScreen.storyboard */,
				31E70759230C6CC900F7BA28 /* Preview Content */,
			);
			path = Resources;
			sourceTree = "<group>";
		};
		31E70759230C6CC900F7BA28 /* Preview Content */ = {
			isa = PBXGroup;
			children = (
				310894BB230C5382003DC55F /* Preview Assets.xcassets */,
			);
			path = "Preview Content";
			sourceTree = "<group>";
		};
		31E7075C230C6DBC00F7BA28 /* Services */ = {
			isa = PBXGroup;
			children = (
				31E7075D230C6DCC00F7BA28 /* LogInService.swift */,
			);
			path = Services;
			sourceTree = "<group>";
		};
		31E70765230C75A500F7BA28 /* Helpers */ = {
			isa = PBXGroup;
			children = (
				31E70766230C75BC00F7BA28 /* UIWindow+ResignFirstResponder.swift */,
			);
			path = Helpers;
			sourceTree = "<group>";
		};
/* End PBXGroup section */

/* Begin PBXNativeTarget section */
		310894AE230C5381003DC55F /* SUIApp */ = {
			isa = PBXNativeTarget;
			buildConfigurationList = 310894C3230C5382003DC55F /* Build configuration list for PBXNativeTarget "SUIApp" */;
			buildPhases = (
				310894AB230C5381003DC55F /* Sources */,
				310894AC230C5381003DC55F /* Frameworks */,
				310894AD230C5381003DC55F /* Resources */,
			);
			buildRules = (
			);
			dependencies = (
			);
			name = SUIApp;
			productName = SUIApp;
			productReference = 310894AF230C5381003DC55F /* SUIApp.app */;
			productType = "com.apple.product-type.application";
		};
/* End PBXNativeTarget section */

/* Begin PBXProject section */
		310894A7230C5381003DC55F /* Project object */ = {
			isa = PBXProject;
			attributes = {
				LastSwiftUpdateCheck = 1100;
				LastUpgradeCheck = 1100;
				ORGANIZATIONNAME = "Dariusz Rybicki";
				TargetAttributes = {
					310894AE230C5381003DC55F = {
						CreatedOnToolsVersion = 11.0;
					};
				};
			};
			buildConfigurationList = 310894AA230C5381003DC55F /* Build configuration list for PBXProject "SUIPlayground" */;
			compatibilityVersion = "Xcode 9.3";
			developmentRegion = en;
			hasScannedForEncodings = 0;
			knownRegions = (
				en,
				Base,
			);
			mainGroup = 310894A6230C5381003DC55F;
			productRefGroup = 310894B0230C5381003DC55F /* Products */;
			projectDirPath = "";
			projectRoot = "";
			targets = (
				310894AE230C5381003DC55F /* SUIApp */,
			);
		};
/* End PBXProject section */

/* Begin PBXResourcesBuildPhase section */
		310894AD230C5381003DC55F /* Resources */ = {
			isa = PBXResourcesBuildPhase;
			buildActionMask = 2147483647;
			files = (
				310894BF230C5382003DC55F /* LaunchScreen.storyboard in Resources */,
				310894BC230C5382003DC55F /* Preview Assets.xcassets in Resources */,
				310894B9230C5382003DC55F /* Assets.xcassets in Resources */,
			);
			runOnlyForDeploymentPostprocessing = 0;
		};
/* End PBXResourcesBuildPhase section */

/* Begin PBXSourcesBuildPhase section */
		310894AB230C5381003DC55F /* Sources */ = {
			isa = PBXSourcesBuildPhase;
			buildActionMask = 2147483647;
			files = (
				31E7074F230C69ED00F7BA28 /* Store.swift in Sources */,
				31E7075E230C6DCC00F7BA28 /* LogInService.swift in Sources */,
				31E70751230C6A5E00F7BA28 /* AppAction.swift in Sources */,
				31E70764230C747400F7BA28 /* AppState+IsLoggedIn.swift in Sources */,
				31E70753230C6AA000F7BA28 /* AppReducer.swift in Sources */,
				31E70762230C707000F7BA28 /* AppUser.swift in Sources */,
				310894B3230C5381003DC55F /* AppDelegate.swift in Sources */,
				31E70767230C75BC00F7BA28 /* UIWindow+ResignFirstResponder.swift in Sources */,
				31E70760230C702B00F7BA28 /* HomeView.swift in Sources */,
				31E70769230C7AB400F7BA28 /* AppState+ShowsAlert.swift in Sources */,
				31E70756230C6BC500F7BA28 /* ActivityIndicator.swift in Sources */,
				310894B5230C5381003DC55F /* SceneDelegate.swift in Sources */,
				31E7075B230C6D4500F7BA28 /* LogInView.swift in Sources */,
				310894B7230C5381003DC55F /* AppView.swift in Sources */,
				31E7074C230C699000F7BA28 /* AppState.swift in Sources */,
			);
			runOnlyForDeploymentPostprocessing = 0;
		};
/* End PBXSourcesBuildPhase section */

/* Begin PBXVariantGroup section */
		310894BD230C5382003DC55F /* LaunchScreen.storyboard */ = {
			isa = PBXVariantGroup;
			children = (
				310894BE230C5382003DC55F /* Base */,
			);
			name = LaunchScreen.storyboard;
			sourceTree = "<group>";
		};
/* End PBXVariantGroup section */

/* Begin XCBuildConfiguration section */
		310894C1230C5382003DC55F /* Debug */ = {
			isa = XCBuildConfiguration;
			buildSettings = {
				ALWAYS_SEARCH_USER_PATHS = NO;
				CLANG_ANALYZER_NONNULL = YES;
				CLANG_ANALYZER_NUMBER_OBJECT_CONVERSION = YES_AGGRESSIVE;
				CLANG_CXX_LANGUAGE_STANDARD = "gnu++14";
				CLANG_CXX_LIBRARY = "libc++";
				CLANG_ENABLE_MODULES = YES;
				CLANG_ENABLE_OBJC_ARC = YES;
				CLANG_ENABLE_OBJC_WEAK = YES;
				CLANG_WARN_BLOCK_CAPTURE_AUTORELEASING = YES;
				CLANG_WARN_BOOL_CONVERSION = YES;
				CLANG_WARN_COMMA = YES;
				CLANG_WARN_CONSTANT_CONVERSION = YES;
				CLANG_WARN_DEPRECATED_OBJC_IMPLEMENTATIONS = YES;
				CLANG_WARN_DIRECT_OBJC_ISA_USAGE = YES_ERROR;
				CLANG_WARN_DOCUMENTATION_COMMENTS = YES;
				CLANG_WARN_EMPTY_BODY = YES;
				CLANG_WARN_ENUM_CONVERSION = YES;
				CLANG_WARN_INFINITE_RECURSION = YES;
				CLANG_WARN_INT_CONVERSION = YES;
				CLANG_WARN_NON_LITERAL_NULL_CONVERSION = YES;
				CLANG_WARN_OBJC_IMPLICIT_RETAIN_SELF = YES;
				CLANG_WARN_OBJC_LITERAL_CONVERSION = YES;
				CLANG_WARN_OBJC_ROOT_CLASS = YES_ERROR;
				CLANG_WARN_RANGE_LOOP_ANALYSIS = YES;
				CLANG_WARN_STRICT_PROTOTYPES = YES;
				CLANG_WARN_SUSPICIOUS_MOVE = YES;
				CLANG_WARN_UNGUARDED_AVAILABILITY = YES_AGGRESSIVE;
				CLANG_WARN_UNREACHABLE_CODE = YES;
				CLANG_WARN__DUPLICATE_METHOD_MATCH = YES;
				COPY_PHASE_STRIP = NO;
				CURRENT_PROJECT_VERSION = 0;
				DEBUG_INFORMATION_FORMAT = dwarf;
				ENABLE_STRICT_OBJC_MSGSEND = YES;
				ENABLE_TESTABILITY = YES;
				GCC_C_LANGUAGE_STANDARD = gnu11;
				GCC_DYNAMIC_NO_PIC = NO;
				GCC_NO_COMMON_BLOCKS = YES;
				GCC_OPTIMIZATION_LEVEL = 0;
				GCC_PREPROCESSOR_DEFINITIONS = (
					"DEBUG=1",
					"$(inherited)",
				);
				GCC_WARN_64_TO_32_BIT_CONVERSION = YES;
				GCC_WARN_ABOUT_RETURN_TYPE = YES_ERROR;
				GCC_WARN_UNDECLARED_SELECTOR = YES;
				GCC_WARN_UNINITIALIZED_AUTOS = YES_AGGRESSIVE;
				GCC_WARN_UNUSED_FUNCTION = YES;
				GCC_WARN_UNUSED_VARIABLE = YES;
				IPHONEOS_DEPLOYMENT_TARGET = 13.0;
				MARKETING_VERSION = 1.0.0;
				MTL_ENABLE_DEBUG_INFO = INCLUDE_SOURCE;
				MTL_FAST_MATH = YES;
				ONLY_ACTIVE_ARCH = YES;
				SDKROOT = iphoneos;
				SWIFT_ACTIVE_COMPILATION_CONDITIONS = DEBUG;
				SWIFT_OPTIMIZATION_LEVEL = "-Onone";
				VERSIONING_SYSTEM = "apple-generic";
			};
			name = Debug;
		};
		310894C2230C5382003DC55F /* Release */ = {
			isa = XCBuildConfiguration;
			buildSettings = {
				ALWAYS_SEARCH_USER_PATHS = NO;
				CLANG_ANALYZER_NONNULL = YES;
				CLANG_ANALYZER_NUMBER_OBJECT_CONVERSION = YES_AGGRESSIVE;
				CLANG_CXX_LANGUAGE_STANDARD = "gnu++14";
				CLANG_CXX_LIBRARY = "libc++";
				CLANG_ENABLE_MODULES = YES;
				CLANG_ENABLE_OBJC_ARC = YES;
				CLANG_ENABLE_OBJC_WEAK = YES;
				CLANG_WARN_BLOCK_CAPTURE_AUTORELEASING = YES;
				CLANG_WARN_BOOL_CONVERSION = YES;
				CLANG_WARN_COMMA = YES;
				CLANG_WARN_CONSTANT_CONVERSION = YES;
				CLANG_WARN_DEPRECATED_OBJC_IMPLEMENTATIONS = YES;
				CLANG_WARN_DIRECT_OBJC_ISA_USAGE = YES_ERROR;
				CLANG_WARN_DOCUMENTATION_COMMENTS = YES;
				CLANG_WARN_EMPTY_BODY = YES;
				CLANG_WARN_ENUM_CONVERSION = YES;
				CLANG_WARN_INFINITE_RECURSION = YES;
				CLANG_WARN_INT_CONVERSION = YES;
				CLANG_WARN_NON_LITERAL_NULL_CONVERSION = YES;
				CLANG_WARN_OBJC_IMPLICIT_RETAIN_SELF = YES;
				CLANG_WARN_OBJC_LITERAL_CONVERSION = YES;
				CLANG_WARN_OBJC_ROOT_CLASS = YES_ERROR;
				CLANG_WARN_RANGE_LOOP_ANALYSIS = YES;
				CLANG_WARN_STRICT_PROTOTYPES = YES;
				CLANG_WARN_SUSPICIOUS_MOVE = YES;
				CLANG_WARN_UNGUARDED_AVAILABILITY = YES_AGGRESSIVE;
				CLANG_WARN_UNREACHABLE_CODE = YES;
				CLANG_WARN__DUPLICATE_METHOD_MATCH = YES;
				COPY_PHASE_STRIP = NO;
				CURRENT_PROJECT_VERSION = 0;
				DEBUG_INFORMATION_FORMAT = "dwarf-with-dsym";
				ENABLE_NS_ASSERTIONS = NO;
				ENABLE_STRICT_OBJC_MSGSEND = YES;
				GCC_C_LANGUAGE_STANDARD = gnu11;
				GCC_NO_COMMON_BLOCKS = YES;
				GCC_WARN_64_TO_32_BIT_CONVERSION = YES;
				GCC_WARN_ABOUT_RETURN_TYPE = YES_ERROR;
				GCC_WARN_UNDECLARED_SELECTOR = YES;
				GCC_WARN_UNINITIALIZED_AUTOS = YES_AGGRESSIVE;
				GCC_WARN_UNUSED_FUNCTION = YES;
				GCC_WARN_UNUSED_VARIABLE = YES;
				IPHONEOS_DEPLOYMENT_TARGET = 13.0;
				MARKETING_VERSION = 1.0.0;
				MTL_ENABLE_DEBUG_INFO = NO;
				MTL_FAST_MATH = YES;
				SDKROOT = iphoneos;
				SWIFT_COMPILATION_MODE = wholemodule;
				SWIFT_OPTIMIZATION_LEVEL = "-O";
				VALIDATE_PRODUCT = YES;
				VERSIONING_SYSTEM = "apple-generic";
			};
			name = Release;
		};
		310894C4230C5382003DC55F /* Debug */ = {
			isa = XCBuildConfiguration;
			buildSettings = {
				ASSETCATALOG_COMPILER_APPICON_NAME = AppIcon;
				CODE_SIGN_STYLE = Automatic;
				DEVELOPMENT_ASSET_PATHS = "\"SUIApp/Resources/Preview Content\"";
				DEVELOPMENT_TEAM = P38XW29864;
				ENABLE_PREVIEWS = YES;
				INFOPLIST_FILE = SUIApp/Resources/Info.plist;
				LD_RUNPATH_SEARCH_PATHS = (
					"$(inherited)",
					"@executable_path/Frameworks",
				);
				PRODUCT_BUNDLE_IDENTIFIER = pl.darrarski.SUIApp;
				PRODUCT_NAME = "$(TARGET_NAME)";
				SWIFT_VERSION = 5.0;
				TARGETED_DEVICE_FAMILY = "1,2";
			};
			name = Debug;
		};
		310894C5230C5382003DC55F /* Release */ = {
			isa = XCBuildConfiguration;
			buildSettings = {
				ASSETCATALOG_COMPILER_APPICON_NAME = AppIcon;
				CODE_SIGN_STYLE = Automatic;
				DEVELOPMENT_ASSET_PATHS = "\"SUIApp/Resources/Preview Content\"";
				DEVELOPMENT_TEAM = P38XW29864;
				ENABLE_PREVIEWS = YES;
				INFOPLIST_FILE = SUIApp/Resources/Info.plist;
				LD_RUNPATH_SEARCH_PATHS = (
					"$(inherited)",
					"@executable_path/Frameworks",
				);
				PRODUCT_BUNDLE_IDENTIFIER = pl.darrarski.SUIApp;
				PRODUCT_NAME = "$(TARGET_NAME)";
				SWIFT_VERSION = 5.0;
				TARGETED_DEVICE_FAMILY = "1,2";
			};
			name = Release;
		};
/* End XCBuildConfiguration section */

/* Begin XCConfigurationList section */
		310894AA230C5381003DC55F /* Build configuration list for PBXProject "SUIPlayground" */ = {
			isa = XCConfigurationList;
			buildConfigurations = (
				310894C1230C5382003DC55F /* Debug */,
				310894C2230C5382003DC55F /* Release */,
			);
			defaultConfigurationIsVisible = 0;
			defaultConfigurationName = Release;
		};
		310894C3230C5382003DC55F /* Build configuration list for PBXNativeTarget "SUIApp" */ = {
			isa = XCConfigurationList;
			buildConfigurations = (
				310894C4230C5382003DC55F /* Debug */,
				310894C5230C5382003DC55F /* Release */,
			);
			defaultConfigurationIsVisible = 0;
			defaultConfigurationName = Release;
		};
/* End XCConfigurationList section */
	};
	rootObject = 310894A7230C5381003DC55F /* Project object */;
}
